
Microsoft Visual Studio Solution File, Format Version 12.00
# Visual Studio 15
VisualStudioVersion = 15.0.28307.1231
MinimumVisualStudioVersion = 10.0.40219.1
Project("{FAE04EC0-301F-11D3-BF4B-00C04F79EFBC}") = "Recode_To_Text", "Recode_To_Text\Recode_To_Text.csproj", "{73C08788-C041-45E7-9B66-98E9DDF71AFC}"
EndProject
Project("{FAE04EC0-301F-11D3-BF4B-00C04F79EFBC}") = "Speech_To_Text", "Speech_To_Text\Speech_To_Text.csproj", "{26E14C03-BA84-4930-92BE-216FA25E3757}"
EndProject
Project("{FAE04EC0-301F-11D3-BF4B-00C04F79EFBC}") = "Speech_To_Text_Test", "Speech_To_Text_Test\Speech_To_Text_Test.csproj", "{4BD3BFB7-05DA-4090-A899-0D0099234A93}"
EndProject
Global
	GlobalSection(SolutionConfigurationPlatforms) = preSolution
		Debug|Any CPU = Debug|Any CPU
		Debug|x64 = Debug|x64
		Release|Any CPU = Release|Any CPU
		Release|x64 = Release|x64
	EndGlobalSection
	GlobalSection(ProjectConfigurationPlatforms) = postSolution
		{73C08788-C041-45E7-9B66-98E9DDF71AFC}.Debug|Any CPU.ActiveCfg = Debug|Any CPU
		{73C08788-C041-45E7-9B66-98E9DDF71AFC}.Debug|Any CPU.Build.0 = Debug|Any CPU
		{73C08788-C041-45E7-9B66-98E9DDF71AFC}.Debug|x64.ActiveCfg = Debug|x64
		{73C08788-C041-45E7-9B66-98E9DDF71AFC}.Debug|x64.Build.0 = Debug|x64
		{73C08788-C041-45E7-9B66-98E9DDF71AFC}.Release|Any CPU.ActiveCfg = Release|Any CPU
		{73C08788-C041-45E7-9B66-98E9DDF71AFC}.Release|Any CPU.Build.0 = Release|Any CPU
		{73C08788-C041-45E7-9B66-98E9DDF71AFC}.Release|x64.ActiveCfg = Release|x64
		{73C08788-C041-45E7-9B66-98E9DDF71AFC}.Release|x64.Build.0 = Release|x64
		{26E14C03-BA84-4930-92BE-216FA25E3757}.Debug|Any CPU.ActiveCfg = Debug|Any CPU
		{26E14C03-BA84-4930-92BE-216FA25E3757}.Debug|Any CPU.Build.0 = Debug|Any CPU
		{26E14C03-BA84-4930-92BE-216FA25E3757}.Debug|x64.ActiveCfg = Debug|x64
		{26E14C03-BA84-4930-92BE-216FA25E3757}.Debug|x64.Build.0 = Debug|x64
		{26E14C03-BA84-4930-92BE-216FA25E3757}.Release|Any CPU.ActiveCfg = Release|Any CPU
		{26E14C03-BA84-4930-92BE-216FA25E3757}.Release|Any CPU.Build.0 = Release|Any CPU
		{26E14C03-BA84-4930-92BE-216FA25E3757}.Release|x64.ActiveCfg = Release|x64
		{26E14C03-BA84-4930-92BE-216FA25E3757}.Release|x64.Build.0 = Release|x64
		{4BD3BFB7-05DA-4090-A899-0D0099234A93}.Debug|Any CPU.ActiveCfg = Debug|Any CPU
		{4BD3BFB7-05DA-4090-A899-0D0099234A93}.Debug|Any CPU.Build.0 = Debug|Any CPU
		{4BD3BFB7-05DA-4090-A899-0D0099234A93}.Debug|x64.ActiveCfg = Debug|x64
		{4BD3BFB7-05DA-4090-A899-0D0099234A93}.Debug|x64.Build.0 = Debug|x64
		{4BD3BFB7-05DA-4090-A899-0D0099234A93}.Release|Any CPU.ActiveCfg = Release|Any CPU
		{4BD3BFB7-05DA-4090-A899-0D0099234A93}.Release|Any CPU.Build.0 = Release|Any CPU
		{4BD3BFB7-05DA-4090-A899-0D0099234A93}.Release|x64.ActiveCfg = Release|Any CPU
		{4BD3BFB7-05DA-4090-A899-0D0099234A93}.Release|x64.Build.0 = Release|Any CPU
	EndGlobalSection
	GlobalSection(SolutionProperties) = preSolution
		HideSolutionNode = FALSE
	EndGlobalSection
	GlobalSection(ExtensibilityGlobals) = postSolution
		SolutionGuid = {43820EDD-9A9C-43DE-82A0-52AFAC31AA9F}
	EndGlobalSection
EndGlobal
