
Microsoft Visual Studio Solution File, Format Version 12.00
# Visual Studio 15
VisualStudioVersion = 15.0.28307.1231
MinimumVisualStudioVersion = 10.0.40219.1
Project("{FAE04EC0-301F-11D3-BF4B-00C04F79EFBC}") = "Recod_To_Text", "Recod_To_Text.csproj", "{73C08788-C041-45E7-9B66-98E9DDF71AFC}"
EndProject
Global
	GlobalSection(SolutionConfigurationPlatforms) = preSolution
		Debug|Any CPU = Debug|Any CPU
		Debug|ARM = Debug|ARM
		Debug|ARM64 = Debug|ARM64
		Debug|x64 = Debug|x64
		Debug|x86 = Debug|x86
		Release|Any CPU = Release|Any CPU
		Release|ARM = Release|ARM
		Release|ARM64 = Release|ARM64
		Release|x64 = Release|x64
		Release|x86 = Release|x86
	EndGlobalSection
	GlobalSection(ProjectConfigurationPlatforms) = postSolution
		{73C08788-C041-45E7-9B66-98E9DDF71AFC}.Debug|Any CPU.ActiveCfg = Debug|Any CPU
		{73C08788-C041-45E7-9B66-98E9DDF71AFC}.Debug|Any CPU.Build.0 = Debug|Any CPU
		{73C08788-C041-45E7-9B66-98E9DDF71AFC}.Debug|ARM.ActiveCfg = Debug|ARM
		{73C08788-C041-45E7-9B66-98E9DDF71AFC}.Debug|ARM.Build.0 = Debug|ARM
		{73C08788-C041-45E7-9B66-98E9DDF71AFC}.Debug|ARM64.ActiveCfg = Debug|ARM64
		{73C08788-C041-45E7-9B66-98E9DDF71AFC}.Debug|ARM64.Build.0 = Debug|ARM64
		{73C08788-C041-45E7-9B66-98E9DDF71AFC}.Debug|x64.ActiveCfg = Debug|x64
		{73C08788-C041-45E7-9B66-98E9DDF71AFC}.Debug|x64.Build.0 = Debug|x64
		{73C08788-C041-45E7-9B66-98E9DDF71AFC}.Debug|x86.ActiveCfg = Debug|x86
		{73C08788-C041-45E7-9B66-98E9DDF71AFC}.Debug|x86.Build.0 = Debug|x86
		{73C08788-C041-45E7-9B66-98E9DDF71AFC}.Release|Any CPU.ActiveCfg = Release|Any CPU
		{73C08788-C041-45E7-9B66-98E9DDF71AFC}.Release|Any CPU.Build.0 = Release|Any CPU
		{73C08788-C041-45E7-9B66-98E9DDF71AFC}.Release|ARM.ActiveCfg = Release|ARM
		{73C08788-C041-45E7-9B66-98E9DDF71AFC}.Release|ARM.Build.0 = Release|ARM
		{73C08788-C041-45E7-9B66-98E9DDF71AFC}.Release|ARM64.ActiveCfg = Release|ARM64
		{73C08788-C041-45E7-9B66-98E9DDF71AFC}.Release|ARM64.Build.0 = Release|ARM64
		{73C08788-C041-45E7-9B66-98E9DDF71AFC}.Release|x64.ActiveCfg = Release|x64
		{73C08788-C041-45E7-9B66-98E9DDF71AFC}.Release|x64.Build.0 = Release|x64
		{73C08788-C041-45E7-9B66-98E9DDF71AFC}.Release|x86.ActiveCfg = Release|x86
		{73C08788-C041-45E7-9B66-98E9DDF71AFC}.Release|x86.Build.0 = Release|x86
	EndGlobalSection
	GlobalSection(SolutionProperties) = preSolution
		HideSolutionNode = FALSE
	EndGlobalSection
	GlobalSection(ExtensibilityGlobals) = postSolution
		SolutionGuid = {CA6B6020-777D-4017-9F11-9AB243B95121}
	EndGlobalSection
EndGlobal
